
Microsoft Visual Studio Solution File, Format Version 12.00
# Visual Studio Version 16
VisualStudioVersion = 16.0.31911.196
MinimumVisualStudioVersion = 10.0.40219.1
Project("{9A19103F-16F7-4668-BE54-9A1E7A4F7556}") = "libMath", "Math\libMath\libMath.csproj", "{9E2DE378-C14D-47C5-A024-BAABCFF02D01}"
EndProject
Project("{2150E333-8FDC-42A3-9474-1A3956D46DE8}") = "Math", "Math", "{0B2B56F6-9864-4FB7-9EC0-17CC953C4D01}"
EndProject
Project("{2150E333-8FDC-42A3-9474-1A3956D46DE8}") = "Physic", "Physic", "{30E237FB-9355-4D55-8BD1-F5EFB7D68D98}"
EndProject
Project("{2150E333-8FDC-42A3-9474-1A3956D46DE8}") = "WorkFlow", "WorkFlow", "{FA534B1D-B71A-4D9A-AB24-477692F1183A}"
EndProject
Project("{9A19103F-16F7-4668-BE54-9A1E7A4F7556}") = "libPhysic", "libPhysic\libPhysic.csproj", "{FD0F9056-D8D2-4907-A66A-17704CC4F098}"
EndProject
Project("{9A19103F-16F7-4668-BE54-9A1E7A4F7556}") = "libWorkFlow", "WorkFlow\libWorkFlow\libWorkFlow.csproj", "{CBE09309-4AA2-4DD9-9C1E-D6A110C4EF6C}"
EndProject
Project("{FAE04EC0-301F-11D3-BF4B-00C04F79EFBC}") = "TestFunction", "Math\libMath\Function\TestFunction\TestFunction.csproj", "{3CB7CC75-9DEB-4BC4-AB25-A855AD8DE4F0}"
EndProject
Global
	GlobalSection(SolutionConfigurationPlatforms) = preSolution
		Debug|Any CPU = Debug|Any CPU
		Release|Any CPU = Release|Any CPU
	EndGlobalSection
	GlobalSection(ProjectConfigurationPlatforms) = postSolution
		{9E2DE378-C14D-47C5-A024-BAABCFF02D01}.Debug|Any CPU.ActiveCfg = Debug|Any CPU
		{9E2DE378-C14D-47C5-A024-BAABCFF02D01}.Debug|Any CPU.Build.0 = Debug|Any CPU
		{9E2DE378-C14D-47C5-A024-BAABCFF02D01}.Release|Any CPU.ActiveCfg = Release|Any CPU
		{9E2DE378-C14D-47C5-A024-BAABCFF02D01}.Release|Any CPU.Build.0 = Release|Any CPU
		{FD0F9056-D8D2-4907-A66A-17704CC4F098}.Debug|Any CPU.ActiveCfg = Debug|Any CPU
		{FD0F9056-D8D2-4907-A66A-17704CC4F098}.Debug|Any CPU.Build.0 = Debug|Any CPU
		{FD0F9056-D8D2-4907-A66A-17704CC4F098}.Release|Any CPU.ActiveCfg = Release|Any CPU
		{FD0F9056-D8D2-4907-A66A-17704CC4F098}.Release|Any CPU.Build.0 = Release|Any CPU
		{CBE09309-4AA2-4DD9-9C1E-D6A110C4EF6C}.Debug|Any CPU.ActiveCfg = Debug|Any CPU
		{CBE09309-4AA2-4DD9-9C1E-D6A110C4EF6C}.Debug|Any CPU.Build.0 = Debug|Any CPU
		{CBE09309-4AA2-4DD9-9C1E-D6A110C4EF6C}.Release|Any CPU.ActiveCfg = Release|Any CPU
		{CBE09309-4AA2-4DD9-9C1E-D6A110C4EF6C}.Release|Any CPU.Build.0 = Release|Any CPU
		{3CB7CC75-9DEB-4BC4-AB25-A855AD8DE4F0}.Debug|Any CPU.ActiveCfg = Debug|Any CPU
		{3CB7CC75-9DEB-4BC4-AB25-A855AD8DE4F0}.Debug|Any CPU.Build.0 = Debug|Any CPU
		{3CB7CC75-9DEB-4BC4-AB25-A855AD8DE4F0}.Release|Any CPU.ActiveCfg = Release|Any CPU
		{3CB7CC75-9DEB-4BC4-AB25-A855AD8DE4F0}.Release|Any CPU.Build.0 = Release|Any CPU
	EndGlobalSection
	GlobalSection(SolutionProperties) = preSolution
		HideSolutionNode = FALSE
	EndGlobalSection
	GlobalSection(NestedProjects) = preSolution
		{9E2DE378-C14D-47C5-A024-BAABCFF02D01} = {0B2B56F6-9864-4FB7-9EC0-17CC953C4D01}
		{FD0F9056-D8D2-4907-A66A-17704CC4F098} = {30E237FB-9355-4D55-8BD1-F5EFB7D68D98}
		{CBE09309-4AA2-4DD9-9C1E-D6A110C4EF6C} = {FA534B1D-B71A-4D9A-AB24-477692F1183A}
	EndGlobalSection
	GlobalSection(ExtensibilityGlobals) = postSolution
		SolutionGuid = {21E1D7D3-1604-4483-94A0-889C1B315453}
	EndGlobalSection
EndGlobal
