
Microsoft Visual Studio Solution File, Format Version 12.00
# Visual Studio Version 16
VisualStudioVersion = 16.0.31911.196
MinimumVisualStudioVersion = 10.0.40219.1
Project("{2150E333-8FDC-42A3-9474-1A3956D46DE8}") = "Math", "Math", "{0B2B56F6-9864-4FB7-9EC0-17CC953C4D01}"
EndProject
Project("{2150E333-8FDC-42A3-9474-1A3956D46DE8}") = "Physic", "Physic", "{30E237FB-9355-4D55-8BD1-F5EFB7D68D98}"
EndProject
Project("{2150E333-8FDC-42A3-9474-1A3956D46DE8}") = "WorkFlow", "WorkFlow", "{FA534B1D-B71A-4D9A-AB24-477692F1183A}"
EndProject
Project("{9A19103F-16F7-4668-BE54-9A1E7A4F7556}") = "libWorkFlow", "WorkFlow\libWorkFlow\libWorkFlow.csproj", "{CBE09309-4AA2-4DD9-9C1E-D6A110C4EF6C}"
EndProject
Project("{9A19103F-16F7-4668-BE54-9A1E7A4F7556}") = "UnitTestMath", "Math\Test\TestUnit\TestFunction\TestFunction\UnitTestMath.csproj", "{4CCC59F0-C86D-45FC-9DBB-71FCBEEF0F6B}"
EndProject
Project("{9A19103F-16F7-4668-BE54-9A1E7A4F7556}") = "libPhysic", "Physic\libPhysic\libPhysic.csproj", "{9C869605-4544-41F7-852B-D3E5C4C78EFE}"
EndProject
Project("{9A19103F-16F7-4668-BE54-9A1E7A4F7556}") = "libMath", "Math\libMath\libMath.csproj", "{30C81635-CDD3-44F0-87F2-879F4CB1430E}"
EndProject
Project("{9A19103F-16F7-4668-BE54-9A1E7A4F7556}") = "InterpretorCmd", "InterpretorCmd\InterpretorCmd.csproj", "{B38B4CF9-8EFD-48D7-8D52-1BEB90F469C1}"
EndProject
Project("{2150E333-8FDC-42A3-9474-1A3956D46DE8}") = "Interpretor", "Interpretor", "{3E4C66C8-2E2B-47E8-BEB5-8E0F2F116AFF}"
EndProject
Project("{2150E333-8FDC-42A3-9474-1A3956D46DE8}") = "Interface", "Interface", "{ED039CD0-344E-4513-8001-F45F5070D7A5}"
EndProject
Project("{2150E333-8FDC-42A3-9474-1A3956D46DE8}") = "Consol", "Consol", "{95B85AD1-88CA-4BAE-BB36-DCB105BD2808}"
EndProject
Project("{2150E333-8FDC-42A3-9474-1A3956D46DE8}") = "Implem", "Implem", "{499B191D-DD4A-4673-A318-7DE44D647173}"
EndProject
Project("{2150E333-8FDC-42A3-9474-1A3956D46DE8}") = "Interface", "Interface", "{DEBA12B1-03C4-40E3-A86F-847EFB1A812E}"
	ProjectSection(SolutionItems) = preProject
		Consol\ConsolIteractive\IConsol.cs = Consol\ConsolIteractive\IConsol.cs
	EndProjectSection
EndProject
Project("{9A19103F-16F7-4668-BE54-9A1E7A4F7556}") = "ConsolIteractive", "Consol\ConsolIteractive\ConsolIteractive.csproj", "{9D5A89CB-1E1C-4D84-B1EF-D5CCFA9A6A5E}"
EndProject
Project("{9A19103F-16F7-4668-BE54-9A1E7A4F7556}") = "libIterpretor", "Interpret\libIterpretor\libIterpretor.csproj", "{160E09D9-7690-4B62-805E-BDF731420523}"
EndProject
Project("{FAE04EC0-301F-11D3-BF4B-00C04F79EFBC}") = "TestSimpleRuner", "Consol\TestSimpleRuner\TestSimpleRuner.csproj", "{DE537EAF-81B7-435A-A215-99E33BEBFC9B}"
EndProject
Global
	GlobalSection(SolutionConfigurationPlatforms) = preSolution
		Debug|Any CPU = Debug|Any CPU
		Release|Any CPU = Release|Any CPU
	EndGlobalSection
	GlobalSection(ProjectConfigurationPlatforms) = postSolution
		{CBE09309-4AA2-4DD9-9C1E-D6A110C4EF6C}.Debug|Any CPU.ActiveCfg = Debug|Any CPU
		{CBE09309-4AA2-4DD9-9C1E-D6A110C4EF6C}.Debug|Any CPU.Build.0 = Debug|Any CPU
		{CBE09309-4AA2-4DD9-9C1E-D6A110C4EF6C}.Release|Any CPU.ActiveCfg = Release|Any CPU
		{CBE09309-4AA2-4DD9-9C1E-D6A110C4EF6C}.Release|Any CPU.Build.0 = Release|Any CPU
		{4CCC59F0-C86D-45FC-9DBB-71FCBEEF0F6B}.Debug|Any CPU.ActiveCfg = Debug|Any CPU
		{4CCC59F0-C86D-45FC-9DBB-71FCBEEF0F6B}.Debug|Any CPU.Build.0 = Debug|Any CPU
		{4CCC59F0-C86D-45FC-9DBB-71FCBEEF0F6B}.Release|Any CPU.ActiveCfg = Release|Any CPU
		{4CCC59F0-C86D-45FC-9DBB-71FCBEEF0F6B}.Release|Any CPU.Build.0 = Release|Any CPU
		{9C869605-4544-41F7-852B-D3E5C4C78EFE}.Debug|Any CPU.ActiveCfg = Debug|Any CPU
		{9C869605-4544-41F7-852B-D3E5C4C78EFE}.Debug|Any CPU.Build.0 = Debug|Any CPU
		{9C869605-4544-41F7-852B-D3E5C4C78EFE}.Release|Any CPU.ActiveCfg = Release|Any CPU
		{9C869605-4544-41F7-852B-D3E5C4C78EFE}.Release|Any CPU.Build.0 = Release|Any CPU
		{30C81635-CDD3-44F0-87F2-879F4CB1430E}.Debug|Any CPU.ActiveCfg = Debug|Any CPU
		{30C81635-CDD3-44F0-87F2-879F4CB1430E}.Debug|Any CPU.Build.0 = Debug|Any CPU
		{30C81635-CDD3-44F0-87F2-879F4CB1430E}.Release|Any CPU.ActiveCfg = Release|Any CPU
		{30C81635-CDD3-44F0-87F2-879F4CB1430E}.Release|Any CPU.Build.0 = Release|Any CPU
		{B38B4CF9-8EFD-48D7-8D52-1BEB90F469C1}.Debug|Any CPU.ActiveCfg = Debug|Any CPU
		{B38B4CF9-8EFD-48D7-8D52-1BEB90F469C1}.Debug|Any CPU.Build.0 = Debug|Any CPU
		{B38B4CF9-8EFD-48D7-8D52-1BEB90F469C1}.Release|Any CPU.ActiveCfg = Release|Any CPU
		{B38B4CF9-8EFD-48D7-8D52-1BEB90F469C1}.Release|Any CPU.Build.0 = Release|Any CPU
		{9D5A89CB-1E1C-4D84-B1EF-D5CCFA9A6A5E}.Debug|Any CPU.ActiveCfg = Debug|Any CPU
		{9D5A89CB-1E1C-4D84-B1EF-D5CCFA9A6A5E}.Debug|Any CPU.Build.0 = Debug|Any CPU
		{9D5A89CB-1E1C-4D84-B1EF-D5CCFA9A6A5E}.Release|Any CPU.ActiveCfg = Release|Any CPU
		{9D5A89CB-1E1C-4D84-B1EF-D5CCFA9A6A5E}.Release|Any CPU.Build.0 = Release|Any CPU
		{160E09D9-7690-4B62-805E-BDF731420523}.Debug|Any CPU.ActiveCfg = Debug|Any CPU
		{160E09D9-7690-4B62-805E-BDF731420523}.Debug|Any CPU.Build.0 = Debug|Any CPU
		{160E09D9-7690-4B62-805E-BDF731420523}.Release|Any CPU.ActiveCfg = Release|Any CPU
		{160E09D9-7690-4B62-805E-BDF731420523}.Release|Any CPU.Build.0 = Release|Any CPU
		{DE537EAF-81B7-435A-A215-99E33BEBFC9B}.Debug|Any CPU.ActiveCfg = Debug|Any CPU
		{DE537EAF-81B7-435A-A215-99E33BEBFC9B}.Debug|Any CPU.Build.0 = Debug|Any CPU
		{DE537EAF-81B7-435A-A215-99E33BEBFC9B}.Release|Any CPU.ActiveCfg = Release|Any CPU
		{DE537EAF-81B7-435A-A215-99E33BEBFC9B}.Release|Any CPU.Build.0 = Release|Any CPU
	EndGlobalSection
	GlobalSection(SolutionProperties) = preSolution
		HideSolutionNode = FALSE
	EndGlobalSection
	GlobalSection(NestedProjects) = preSolution
		{CBE09309-4AA2-4DD9-9C1E-D6A110C4EF6C} = {FA534B1D-B71A-4D9A-AB24-477692F1183A}
		{4CCC59F0-C86D-45FC-9DBB-71FCBEEF0F6B} = {0B2B56F6-9864-4FB7-9EC0-17CC953C4D01}
		{9C869605-4544-41F7-852B-D3E5C4C78EFE} = {30E237FB-9355-4D55-8BD1-F5EFB7D68D98}
		{30C81635-CDD3-44F0-87F2-879F4CB1430E} = {0B2B56F6-9864-4FB7-9EC0-17CC953C4D01}
		{B38B4CF9-8EFD-48D7-8D52-1BEB90F469C1} = {3E4C66C8-2E2B-47E8-BEB5-8E0F2F116AFF}
		{ED039CD0-344E-4513-8001-F45F5070D7A5} = {3E4C66C8-2E2B-47E8-BEB5-8E0F2F116AFF}
		{499B191D-DD4A-4673-A318-7DE44D647173} = {95B85AD1-88CA-4BAE-BB36-DCB105BD2808}
		{DEBA12B1-03C4-40E3-A86F-847EFB1A812E} = {95B85AD1-88CA-4BAE-BB36-DCB105BD2808}
		{9D5A89CB-1E1C-4D84-B1EF-D5CCFA9A6A5E} = {499B191D-DD4A-4673-A318-7DE44D647173}
		{DE537EAF-81B7-435A-A215-99E33BEBFC9B} = {95B85AD1-88CA-4BAE-BB36-DCB105BD2808}
	EndGlobalSection
	GlobalSection(ExtensibilityGlobals) = postSolution
		SolutionGuid = {21E1D7D3-1604-4483-94A0-889C1B315453}
	EndGlobalSection
EndGlobal
