
Microsoft Visual Studio Solution File, Format Version 12.00
# Visual Studio Version 16
VisualStudioVersion = 16.0.31911.196
MinimumVisualStudioVersion = 10.0.40219.1
Project("{2150E333-8FDC-42A3-9474-1A3956D46DE8}") = "Math", "Math", "{0B2B56F6-9864-4FB7-9EC0-17CC953C4D01}"
	ProjectSection(SolutionItems) = preProject
		Notes.txt = Notes.txt
	EndProjectSection
EndProject
Project("{2150E333-8FDC-42A3-9474-1A3956D46DE8}") = "Physic", "Physic", "{30E237FB-9355-4D55-8BD1-F5EFB7D68D98}"
EndProject
Project("{9A19103F-16F7-4668-BE54-9A1E7A4F7556}") = "UnitTestMath", "Math\Test\TestUnit\TestFunction\TestFunction\UnitTestMath.csproj", "{4CCC59F0-C86D-45FC-9DBB-71FCBEEF0F6B}"
EndProject
Project("{9A19103F-16F7-4668-BE54-9A1E7A4F7556}") = "libPhysic", "Physic\libPhysic\libPhysic.csproj", "{9C869605-4544-41F7-852B-D3E5C4C78EFE}"
EndProject
Project("{9A19103F-16F7-4668-BE54-9A1E7A4F7556}") = "libMath", "Math\libMath\libMath.csproj", "{30C81635-CDD3-44F0-87F2-879F4CB1430E}"
EndProject
Project("{2150E333-8FDC-42A3-9474-1A3956D46DE8}") = "WorkFlow", "WorkFlow", "{2ED83AE1-AD67-4248-A622-31DE8E027C30}"
EndProject
Project("{9A19103F-16F7-4668-BE54-9A1E7A4F7556}") = "UnitTestWorkFlow", "WorkFlow\TestUnitWorkFlow\UnitTestWorkFlow.csproj", "{0C1760F8-5C6B-4139-823A-0779416725E5}"
EndProject
Project("{9A19103F-16F7-4668-BE54-9A1E7A4F7556}") = "UnitTestPhysic", "Physic\TestUnitPhysic\UnitTestPhysic.csproj", "{C813AF96-3367-4F44-94C4-0E7E9479103D}"
EndProject
Project("{9A19103F-16F7-4668-BE54-9A1E7A4F7556}") = "libWorkFlow", "WorkFlow\libWorkFlow\libWorkFlow\libWorkFlow.csproj", "{EA9B2CA4-0601-495C-B541-8ED79BCE9E91}"
EndProject
Project("{9A19103F-16F7-4668-BE54-9A1E7A4F7556}") = "UnitTestMathSymbolic", "Math\Test\TestUnitFunction\UnitTestMathSymbolic.csproj", "{5DC667B8-BAB1-4F04-AB75-30F449D188E4}"
EndProject
Project("{2150E333-8FDC-42A3-9474-1A3956D46DE8}") = "Solution Items", "Solution Items", "{AA5FEFAF-C586-4D90-8D93-0EB5A36C3B0E}"
	ProjectSection(SolutionItems) = preProject
		.editorconfig = .editorconfig
	EndProjectSection
EndProject
Project("{2150E333-8FDC-42A3-9474-1A3956D46DE8}") = "Algo", "Algo", "{F836EC4E-8EA5-4A1A-81A2-42EEF14022C6}"
EndProject
Project("{2150E333-8FDC-42A3-9474-1A3956D46DE8}") = "KeyWordCompletion", "KeyWordCompletion", "{69428B14-F21A-4089-961D-30526198A325}"
EndProject
Project("{9A19103F-16F7-4668-BE54-9A1E7A4F7556}") = "TestKeyWordsCompletion", "TestKeyWordsCompletion\TestKeyWordsCompletion.csproj", "{98AF522E-90B6-4984-974C-D72E0513C3A3}"
EndProject
Project("{9A19103F-16F7-4668-BE54-9A1E7A4F7556}") = "libKeyWordsCompletion", "libKeyWordsCompletion\libKeyWordsCompletion.csproj", "{54B586EE-3ACA-4E06-A2A7-A1B65BDFD50E}"
EndProject
Project("{2150E333-8FDC-42A3-9474-1A3956D46DE8}") = "Sequence", "Sequence", "{8A5315DF-C692-4A9D-BA30-EE83F4EDC0B7}"
EndProject
Project("{9A19103F-16F7-4668-BE54-9A1E7A4F7556}") = "libSequence", "Algo\Sequence\libSequence\libSequence.csproj", "{381C28DF-8AE5-405D-9935-DC08B4130F9A}"
EndProject
Project("{9A19103F-16F7-4668-BE54-9A1E7A4F7556}") = "TestSequence", "Algo\Sequence\TestSequence\TestSequence.csproj", "{16FD713F-FCE8-495A-A4C7-CBC1F8FEDCF1}"
EndProject
Project("{9A19103F-16F7-4668-BE54-9A1E7A4F7556}") = "TestUnitSort", "Algo\Sort\TestUnitSort\TestUnitSort.csproj", "{F9501E3F-77EB-4E34-95B9-8360318513B4}"
EndProject
Project("{2150E333-8FDC-42A3-9474-1A3956D46DE8}") = "Sort", "Sort", "{C1BAADD8-6180-42E9-9ADE-8D106546D67B}"
	ProjectSection(SolutionItems) = preProject
		Source.txt = Source.txt
	EndProjectSection
EndProject
Project("{9A19103F-16F7-4668-BE54-9A1E7A4F7556}") = "libSort", "Algo\Sort\libSort\libSort.csproj", "{C4F5C53B-CE89-47B0-90DE-CE3AEC417520}"
EndProject
Global
	GlobalSection(SolutionConfigurationPlatforms) = preSolution
		Debug|Any CPU = Debug|Any CPU
		Release|Any CPU = Release|Any CPU
	EndGlobalSection
	GlobalSection(ProjectConfigurationPlatforms) = postSolution
		{4CCC59F0-C86D-45FC-9DBB-71FCBEEF0F6B}.Debug|Any CPU.ActiveCfg = Debug|Any CPU
		{4CCC59F0-C86D-45FC-9DBB-71FCBEEF0F6B}.Debug|Any CPU.Build.0 = Debug|Any CPU
		{4CCC59F0-C86D-45FC-9DBB-71FCBEEF0F6B}.Release|Any CPU.ActiveCfg = Release|Any CPU
		{4CCC59F0-C86D-45FC-9DBB-71FCBEEF0F6B}.Release|Any CPU.Build.0 = Release|Any CPU
		{9C869605-4544-41F7-852B-D3E5C4C78EFE}.Debug|Any CPU.ActiveCfg = Debug|Any CPU
		{9C869605-4544-41F7-852B-D3E5C4C78EFE}.Debug|Any CPU.Build.0 = Debug|Any CPU
		{9C869605-4544-41F7-852B-D3E5C4C78EFE}.Release|Any CPU.ActiveCfg = Release|Any CPU
		{9C869605-4544-41F7-852B-D3E5C4C78EFE}.Release|Any CPU.Build.0 = Release|Any CPU
		{30C81635-CDD3-44F0-87F2-879F4CB1430E}.Debug|Any CPU.ActiveCfg = Debug|Any CPU
		{30C81635-CDD3-44F0-87F2-879F4CB1430E}.Debug|Any CPU.Build.0 = Debug|Any CPU
		{30C81635-CDD3-44F0-87F2-879F4CB1430E}.Release|Any CPU.ActiveCfg = Release|Any CPU
		{30C81635-CDD3-44F0-87F2-879F4CB1430E}.Release|Any CPU.Build.0 = Release|Any CPU
		{0C1760F8-5C6B-4139-823A-0779416725E5}.Debug|Any CPU.ActiveCfg = Debug|Any CPU
		{0C1760F8-5C6B-4139-823A-0779416725E5}.Debug|Any CPU.Build.0 = Debug|Any CPU
		{0C1760F8-5C6B-4139-823A-0779416725E5}.Release|Any CPU.ActiveCfg = Release|Any CPU
		{0C1760F8-5C6B-4139-823A-0779416725E5}.Release|Any CPU.Build.0 = Release|Any CPU
		{C813AF96-3367-4F44-94C4-0E7E9479103D}.Debug|Any CPU.ActiveCfg = Debug|Any CPU
		{C813AF96-3367-4F44-94C4-0E7E9479103D}.Debug|Any CPU.Build.0 = Debug|Any CPU
		{C813AF96-3367-4F44-94C4-0E7E9479103D}.Release|Any CPU.ActiveCfg = Release|Any CPU
		{C813AF96-3367-4F44-94C4-0E7E9479103D}.Release|Any CPU.Build.0 = Release|Any CPU
		{EA9B2CA4-0601-495C-B541-8ED79BCE9E91}.Debug|Any CPU.ActiveCfg = Debug|Any CPU
		{EA9B2CA4-0601-495C-B541-8ED79BCE9E91}.Debug|Any CPU.Build.0 = Debug|Any CPU
		{EA9B2CA4-0601-495C-B541-8ED79BCE9E91}.Release|Any CPU.ActiveCfg = Release|Any CPU
		{EA9B2CA4-0601-495C-B541-8ED79BCE9E91}.Release|Any CPU.Build.0 = Release|Any CPU
		{5DC667B8-BAB1-4F04-AB75-30F449D188E4}.Debug|Any CPU.ActiveCfg = Debug|Any CPU
		{5DC667B8-BAB1-4F04-AB75-30F449D188E4}.Debug|Any CPU.Build.0 = Debug|Any CPU
		{5DC667B8-BAB1-4F04-AB75-30F449D188E4}.Release|Any CPU.ActiveCfg = Release|Any CPU
		{5DC667B8-BAB1-4F04-AB75-30F449D188E4}.Release|Any CPU.Build.0 = Release|Any CPU
		{98AF522E-90B6-4984-974C-D72E0513C3A3}.Debug|Any CPU.ActiveCfg = Debug|Any CPU
		{98AF522E-90B6-4984-974C-D72E0513C3A3}.Debug|Any CPU.Build.0 = Debug|Any CPU
		{98AF522E-90B6-4984-974C-D72E0513C3A3}.Release|Any CPU.ActiveCfg = Release|Any CPU
		{98AF522E-90B6-4984-974C-D72E0513C3A3}.Release|Any CPU.Build.0 = Release|Any CPU
		{54B586EE-3ACA-4E06-A2A7-A1B65BDFD50E}.Debug|Any CPU.ActiveCfg = Debug|Any CPU
		{54B586EE-3ACA-4E06-A2A7-A1B65BDFD50E}.Debug|Any CPU.Build.0 = Debug|Any CPU
		{54B586EE-3ACA-4E06-A2A7-A1B65BDFD50E}.Release|Any CPU.ActiveCfg = Release|Any CPU
		{54B586EE-3ACA-4E06-A2A7-A1B65BDFD50E}.Release|Any CPU.Build.0 = Release|Any CPU
		{381C28DF-8AE5-405D-9935-DC08B4130F9A}.Debug|Any CPU.ActiveCfg = Debug|Any CPU
		{381C28DF-8AE5-405D-9935-DC08B4130F9A}.Debug|Any CPU.Build.0 = Debug|Any CPU
		{381C28DF-8AE5-405D-9935-DC08B4130F9A}.Release|Any CPU.ActiveCfg = Release|Any CPU
		{381C28DF-8AE5-405D-9935-DC08B4130F9A}.Release|Any CPU.Build.0 = Release|Any CPU
		{16FD713F-FCE8-495A-A4C7-CBC1F8FEDCF1}.Debug|Any CPU.ActiveCfg = Debug|Any CPU
		{16FD713F-FCE8-495A-A4C7-CBC1F8FEDCF1}.Debug|Any CPU.Build.0 = Debug|Any CPU
		{16FD713F-FCE8-495A-A4C7-CBC1F8FEDCF1}.Release|Any CPU.ActiveCfg = Release|Any CPU
		{16FD713F-FCE8-495A-A4C7-CBC1F8FEDCF1}.Release|Any CPU.Build.0 = Release|Any CPU
		{F9501E3F-77EB-4E34-95B9-8360318513B4}.Debug|Any CPU.ActiveCfg = Debug|Any CPU
		{F9501E3F-77EB-4E34-95B9-8360318513B4}.Debug|Any CPU.Build.0 = Debug|Any CPU
		{F9501E3F-77EB-4E34-95B9-8360318513B4}.Release|Any CPU.ActiveCfg = Release|Any CPU
		{F9501E3F-77EB-4E34-95B9-8360318513B4}.Release|Any CPU.Build.0 = Release|Any CPU
		{C4F5C53B-CE89-47B0-90DE-CE3AEC417520}.Debug|Any CPU.ActiveCfg = Debug|Any CPU
		{C4F5C53B-CE89-47B0-90DE-CE3AEC417520}.Debug|Any CPU.Build.0 = Debug|Any CPU
		{C4F5C53B-CE89-47B0-90DE-CE3AEC417520}.Release|Any CPU.ActiveCfg = Release|Any CPU
		{C4F5C53B-CE89-47B0-90DE-CE3AEC417520}.Release|Any CPU.Build.0 = Release|Any CPU
	EndGlobalSection
	GlobalSection(SolutionProperties) = preSolution
		HideSolutionNode = FALSE
	EndGlobalSection
	GlobalSection(NestedProjects) = preSolution
		{4CCC59F0-C86D-45FC-9DBB-71FCBEEF0F6B} = {0B2B56F6-9864-4FB7-9EC0-17CC953C4D01}
		{9C869605-4544-41F7-852B-D3E5C4C78EFE} = {30E237FB-9355-4D55-8BD1-F5EFB7D68D98}
		{30C81635-CDD3-44F0-87F2-879F4CB1430E} = {0B2B56F6-9864-4FB7-9EC0-17CC953C4D01}
		{0C1760F8-5C6B-4139-823A-0779416725E5} = {2ED83AE1-AD67-4248-A622-31DE8E027C30}
		{C813AF96-3367-4F44-94C4-0E7E9479103D} = {30E237FB-9355-4D55-8BD1-F5EFB7D68D98}
		{EA9B2CA4-0601-495C-B541-8ED79BCE9E91} = {2ED83AE1-AD67-4248-A622-31DE8E027C30}
		{5DC667B8-BAB1-4F04-AB75-30F449D188E4} = {0B2B56F6-9864-4FB7-9EC0-17CC953C4D01}
		{69428B14-F21A-4089-961D-30526198A325} = {F836EC4E-8EA5-4A1A-81A2-42EEF14022C6}
		{98AF522E-90B6-4984-974C-D72E0513C3A3} = {69428B14-F21A-4089-961D-30526198A325}
		{54B586EE-3ACA-4E06-A2A7-A1B65BDFD50E} = {69428B14-F21A-4089-961D-30526198A325}
		{8A5315DF-C692-4A9D-BA30-EE83F4EDC0B7} = {F836EC4E-8EA5-4A1A-81A2-42EEF14022C6}
		{381C28DF-8AE5-405D-9935-DC08B4130F9A} = {8A5315DF-C692-4A9D-BA30-EE83F4EDC0B7}
		{16FD713F-FCE8-495A-A4C7-CBC1F8FEDCF1} = {8A5315DF-C692-4A9D-BA30-EE83F4EDC0B7}
		{F9501E3F-77EB-4E34-95B9-8360318513B4} = {C1BAADD8-6180-42E9-9ADE-8D106546D67B}
		{C1BAADD8-6180-42E9-9ADE-8D106546D67B} = {F836EC4E-8EA5-4A1A-81A2-42EEF14022C6}
		{C4F5C53B-CE89-47B0-90DE-CE3AEC417520} = {C1BAADD8-6180-42E9-9ADE-8D106546D67B}
	EndGlobalSection
	GlobalSection(ExtensibilityGlobals) = postSolution
		SolutionGuid = {21E1D7D3-1604-4483-94A0-889C1B315453}
	EndGlobalSection
EndGlobal
