
Microsoft Visual Studio Solution File, Format Version 12.00
# Visual Studio Version 16
VisualStudioVersion = 16.0.31911.196
MinimumVisualStudioVersion = 10.0.40219.1
Project("{2150E333-8FDC-42A3-9474-1A3956D46DE8}") = "Math", "Math", "{0B2B56F6-9864-4FB7-9EC0-17CC953C4D01}"
EndProject
Project("{2150E333-8FDC-42A3-9474-1A3956D46DE8}") = "Physic", "Physic", "{30E237FB-9355-4D55-8BD1-F5EFB7D68D98}"
EndProject
Project("{9A19103F-16F7-4668-BE54-9A1E7A4F7556}") = "UnitTestMath", "Math\Test\TestUnit\TestFunction\TestFunction\UnitTestMath.csproj", "{4CCC59F0-C86D-45FC-9DBB-71FCBEEF0F6B}"
EndProject
Project("{9A19103F-16F7-4668-BE54-9A1E7A4F7556}") = "libPhysic", "Physic\libPhysic\libPhysic.csproj", "{9C869605-4544-41F7-852B-D3E5C4C78EFE}"
EndProject
Project("{9A19103F-16F7-4668-BE54-9A1E7A4F7556}") = "libMath", "Math\libMath\libMath.csproj", "{30C81635-CDD3-44F0-87F2-879F4CB1430E}"
EndProject
Project("{2150E333-8FDC-42A3-9474-1A3956D46DE8}") = "Consol", "Consol", "{95B85AD1-88CA-4BAE-BB36-DCB105BD2808}"
EndProject
Project("{9A19103F-16F7-4668-BE54-9A1E7A4F7556}") = "UnitTestConsol", "Consol\TestSimpleRuner\UnitTestConsol.csproj", "{DE537EAF-81B7-435A-A215-99E33BEBFC9B}"
EndProject
Project("{9A19103F-16F7-4668-BE54-9A1E7A4F7556}") = "libConsol", "Consol\libConsol\libConsol.csproj", "{8F98208F-E6F5-4BCB-BFA0-15D5D9D9C91E}"
EndProject
Project("{2150E333-8FDC-42A3-9474-1A3956D46DE8}") = "WorkFlow", "WorkFlow", "{2ED83AE1-AD67-4248-A622-31DE8E027C30}"
EndProject
Project("{9A19103F-16F7-4668-BE54-9A1E7A4F7556}") = "UnitTestWorkFlow", "WorkFlow\TestUnitWorkFlow\UnitTestWorkFlow.csproj", "{0C1760F8-5C6B-4139-823A-0779416725E5}"
EndProject
Project("{9A19103F-16F7-4668-BE54-9A1E7A4F7556}") = "UnitTestPhysic", "Physic\TestUnitPhysic\UnitTestPhysic.csproj", "{C813AF96-3367-4F44-94C4-0E7E9479103D}"
EndProject
Project("{9A19103F-16F7-4668-BE54-9A1E7A4F7556}") = "libWorkFlow", "WorkFlow\libWorkFlow\libWorkFlow\libWorkFlow.csproj", "{EA9B2CA4-0601-495C-B541-8ED79BCE9E91}"
EndProject
Project("{FAE04EC0-301F-11D3-BF4B-00C04F79EFBC}") = "UnitTestFunction", "Math\Test\TestUnitFunction\UnitTestFunction.csproj", "{5DC667B8-BAB1-4F04-AB75-30F449D188E4}"
EndProject
Global
	GlobalSection(SolutionConfigurationPlatforms) = preSolution
		Debug|Any CPU = Debug|Any CPU
		Release|Any CPU = Release|Any CPU
	EndGlobalSection
	GlobalSection(ProjectConfigurationPlatforms) = postSolution
		{4CCC59F0-C86D-45FC-9DBB-71FCBEEF0F6B}.Debug|Any CPU.ActiveCfg = Debug|Any CPU
		{4CCC59F0-C86D-45FC-9DBB-71FCBEEF0F6B}.Debug|Any CPU.Build.0 = Debug|Any CPU
		{4CCC59F0-C86D-45FC-9DBB-71FCBEEF0F6B}.Release|Any CPU.ActiveCfg = Release|Any CPU
		{4CCC59F0-C86D-45FC-9DBB-71FCBEEF0F6B}.Release|Any CPU.Build.0 = Release|Any CPU
		{9C869605-4544-41F7-852B-D3E5C4C78EFE}.Debug|Any CPU.ActiveCfg = Debug|Any CPU
		{9C869605-4544-41F7-852B-D3E5C4C78EFE}.Debug|Any CPU.Build.0 = Debug|Any CPU
		{9C869605-4544-41F7-852B-D3E5C4C78EFE}.Release|Any CPU.ActiveCfg = Release|Any CPU
		{9C869605-4544-41F7-852B-D3E5C4C78EFE}.Release|Any CPU.Build.0 = Release|Any CPU
		{30C81635-CDD3-44F0-87F2-879F4CB1430E}.Debug|Any CPU.ActiveCfg = Debug|Any CPU
		{30C81635-CDD3-44F0-87F2-879F4CB1430E}.Debug|Any CPU.Build.0 = Debug|Any CPU
		{30C81635-CDD3-44F0-87F2-879F4CB1430E}.Release|Any CPU.ActiveCfg = Release|Any CPU
		{30C81635-CDD3-44F0-87F2-879F4CB1430E}.Release|Any CPU.Build.0 = Release|Any CPU
		{DE537EAF-81B7-435A-A215-99E33BEBFC9B}.Debug|Any CPU.ActiveCfg = Debug|Any CPU
		{DE537EAF-81B7-435A-A215-99E33BEBFC9B}.Debug|Any CPU.Build.0 = Debug|Any CPU
		{DE537EAF-81B7-435A-A215-99E33BEBFC9B}.Release|Any CPU.ActiveCfg = Release|Any CPU
		{DE537EAF-81B7-435A-A215-99E33BEBFC9B}.Release|Any CPU.Build.0 = Release|Any CPU
		{8F98208F-E6F5-4BCB-BFA0-15D5D9D9C91E}.Debug|Any CPU.ActiveCfg = Debug|Any CPU
		{8F98208F-E6F5-4BCB-BFA0-15D5D9D9C91E}.Debug|Any CPU.Build.0 = Debug|Any CPU
		{8F98208F-E6F5-4BCB-BFA0-15D5D9D9C91E}.Release|Any CPU.ActiveCfg = Release|Any CPU
		{8F98208F-E6F5-4BCB-BFA0-15D5D9D9C91E}.Release|Any CPU.Build.0 = Release|Any CPU
		{0C1760F8-5C6B-4139-823A-0779416725E5}.Debug|Any CPU.ActiveCfg = Debug|Any CPU
		{0C1760F8-5C6B-4139-823A-0779416725E5}.Debug|Any CPU.Build.0 = Debug|Any CPU
		{0C1760F8-5C6B-4139-823A-0779416725E5}.Release|Any CPU.ActiveCfg = Release|Any CPU
		{0C1760F8-5C6B-4139-823A-0779416725E5}.Release|Any CPU.Build.0 = Release|Any CPU
		{C813AF96-3367-4F44-94C4-0E7E9479103D}.Debug|Any CPU.ActiveCfg = Debug|Any CPU
		{C813AF96-3367-4F44-94C4-0E7E9479103D}.Debug|Any CPU.Build.0 = Debug|Any CPU
		{C813AF96-3367-4F44-94C4-0E7E9479103D}.Release|Any CPU.ActiveCfg = Release|Any CPU
		{C813AF96-3367-4F44-94C4-0E7E9479103D}.Release|Any CPU.Build.0 = Release|Any CPU
		{EA9B2CA4-0601-495C-B541-8ED79BCE9E91}.Debug|Any CPU.ActiveCfg = Debug|Any CPU
		{EA9B2CA4-0601-495C-B541-8ED79BCE9E91}.Debug|Any CPU.Build.0 = Debug|Any CPU
		{EA9B2CA4-0601-495C-B541-8ED79BCE9E91}.Release|Any CPU.ActiveCfg = Release|Any CPU
		{EA9B2CA4-0601-495C-B541-8ED79BCE9E91}.Release|Any CPU.Build.0 = Release|Any CPU
		{5DC667B8-BAB1-4F04-AB75-30F449D188E4}.Debug|Any CPU.ActiveCfg = Debug|Any CPU
		{5DC667B8-BAB1-4F04-AB75-30F449D188E4}.Debug|Any CPU.Build.0 = Debug|Any CPU
		{5DC667B8-BAB1-4F04-AB75-30F449D188E4}.Release|Any CPU.ActiveCfg = Release|Any CPU
		{5DC667B8-BAB1-4F04-AB75-30F449D188E4}.Release|Any CPU.Build.0 = Release|Any CPU
	EndGlobalSection
	GlobalSection(SolutionProperties) = preSolution
		HideSolutionNode = FALSE
	EndGlobalSection
	GlobalSection(NestedProjects) = preSolution
		{4CCC59F0-C86D-45FC-9DBB-71FCBEEF0F6B} = {0B2B56F6-9864-4FB7-9EC0-17CC953C4D01}
		{9C869605-4544-41F7-852B-D3E5C4C78EFE} = {30E237FB-9355-4D55-8BD1-F5EFB7D68D98}
		{30C81635-CDD3-44F0-87F2-879F4CB1430E} = {0B2B56F6-9864-4FB7-9EC0-17CC953C4D01}
		{DE537EAF-81B7-435A-A215-99E33BEBFC9B} = {95B85AD1-88CA-4BAE-BB36-DCB105BD2808}
		{8F98208F-E6F5-4BCB-BFA0-15D5D9D9C91E} = {95B85AD1-88CA-4BAE-BB36-DCB105BD2808}
		{0C1760F8-5C6B-4139-823A-0779416725E5} = {2ED83AE1-AD67-4248-A622-31DE8E027C30}
		{C813AF96-3367-4F44-94C4-0E7E9479103D} = {30E237FB-9355-4D55-8BD1-F5EFB7D68D98}
		{EA9B2CA4-0601-495C-B541-8ED79BCE9E91} = {2ED83AE1-AD67-4248-A622-31DE8E027C30}
		{5DC667B8-BAB1-4F04-AB75-30F449D188E4} = {0B2B56F6-9864-4FB7-9EC0-17CC953C4D01}
	EndGlobalSection
	GlobalSection(ExtensibilityGlobals) = postSolution
		SolutionGuid = {21E1D7D3-1604-4483-94A0-889C1B315453}
	EndGlobalSection
EndGlobal
